
Microsoft Visual Studio Solution File, Format Version 12.00
Project("{FAE04EC0-301F-11D3-BF4B-00C04F79EFBC}") = "GoogleCalcxUnitTest", "GoogleCalcxUnitTest\GoogleCalcxUnitTest.csproj", "{BA9C7798-3BF2-42A0-B036-41EAC7E782E5}"
EndProject
Global
	GlobalSection(SolutionConfigurationPlatforms) = preSolution
		Debug|Any CPU = Debug|Any CPU
		Release|Any CPU = Release|Any CPU
	EndGlobalSection
	GlobalSection(ProjectConfigurationPlatforms) = postSolution
		{BA9C7798-3BF2-42A0-B036-41EAC7E782E5}.Debug|Any CPU.ActiveCfg = Debug|Any CPU
		{BA9C7798-3BF2-42A0-B036-41EAC7E782E5}.Debug|Any CPU.Build.0 = Debug|Any CPU
		{BA9C7798-3BF2-42A0-B036-41EAC7E782E5}.Release|Any CPU.ActiveCfg = Release|Any CPU
		{BA9C7798-3BF2-42A0-B036-41EAC7E782E5}.Release|Any CPU.Build.0 = Release|Any CPU
	EndGlobalSection
EndGlobal
